// !$*UTF8*$!
{
	archiveVersion = 1;
	classes = {
	};
	objectVersion = 56;
	objects = {

/* Begin PBXBuildFile section */
		9E895FD329A8C611000AD325 /* CustomDatePickerApp.swift in Sources */ = {isa = PBXBuildFile; fileRef = 9E895FD229A8C611000AD325 /* CustomDatePickerApp.swift */; };
		9E895FD729A8C612000AD325 /* Assets.xcassets in Resources */ = {isa = PBXBuildFile; fileRef = 9E895FD629A8C612000AD325 /* Assets.xcassets */; };
		9E895FDA29A8C612000AD325 /* Preview Assets.xcassets in Resources */ = {isa = PBXBuildFile; fileRef = 9E895FD929A8C612000AD325 /* Preview Assets.xcassets */; };
		9E895FE329A8C649000AD325 /* MainView.swift in Sources */ = {isa = PBXBuildFile; fileRef = 9E895FE229A8C649000AD325 /* MainView.swift */; };
		9E895FE529A8C658000AD325 /* CustomDatePickerView.swift in Sources */ = {isa = PBXBuildFile; fileRef = 9E895FE429A8C658000AD325 /* CustomDatePickerView.swift */; };
		9E895FE929A8C699000AD325 /* DatePickerModel.swift in Sources */ = {isa = PBXBuildFile; fileRef = 9E895FE829A8C699000AD325 /* DatePickerModel.swift */; };
		9E895FED29A8E15A000AD325 /* DatePickerHeaderView.swift in Sources */ = {isa = PBXBuildFile; fileRef = 9E895FEC29A8E15A000AD325 /* DatePickerHeaderView.swift */; };
		9E895FEF29A8E348000AD325 /* DatePickerCenterView.swift in Sources */ = {isa = PBXBuildFile; fileRef = 9E895FEE29A8E348000AD325 /* DatePickerCenterView.swift */; };
		9E895FF129A8E401000AD325 /* DatePickerFooterView.swift in Sources */ = {isa = PBXBuildFile; fileRef = 9E895FF029A8E401000AD325 /* DatePickerFooterView.swift */; };
/* End PBXBuildFile section */

/* Begin PBXFileReference section */
		9E895FCF29A8C611000AD325 /* CustomDatePicker.app */ = {isa = PBXFileReference; explicitFileType = wrapper.application; includeInIndex = 0; path = CustomDatePicker.app; sourceTree = BUILT_PRODUCTS_DIR; };
		9E895FD229A8C611000AD325 /* CustomDatePickerApp.swift */ = {isa = PBXFileReference; lastKnownFileType = sourcecode.swift; path = CustomDatePickerApp.swift; sourceTree = "<group>"; };
		9E895FD629A8C612000AD325 /* Assets.xcassets */ = {isa = PBXFileReference; lastKnownFileType = folder.assetcatalog; path = Assets.xcassets; sourceTree = "<group>"; };
		9E895FD929A8C612000AD325 /* Preview Assets.xcassets */ = {isa = PBXFileReference; lastKnownFileType = folder.assetcatalog; path = "Preview Assets.xcassets"; sourceTree = "<group>"; };
		9E895FE229A8C649000AD325 /* MainView.swift */ = {isa = PBXFileReference; lastKnownFileType = sourcecode.swift; path = MainView.swift; sourceTree = "<group>"; };
		9E895FE429A8C658000AD325 /* CustomDatePickerView.swift */ = {isa = PBXFileReference; lastKnownFileType = sourcecode.swift; path = CustomDatePickerView.swift; sourceTree = "<group>"; };
		9E895FE829A8C699000AD325 /* DatePickerModel.swift */ = {isa = PBXFileReference; lastKnownFileType = sourcecode.swift; path = DatePickerModel.swift; sourceTree = "<group>"; };
		9E895FEC29A8E15A000AD325 /* DatePickerHeaderView.swift */ = {isa = PBXFileReference; lastKnownFileType = sourcecode.swift; path = DatePickerHeaderView.swift; sourceTree = "<group>"; };
		9E895FEE29A8E348000AD325 /* DatePickerCenterView.swift */ = {isa = PBXFileReference; lastKnownFileType = sourcecode.swift; path = DatePickerCenterView.swift; sourceTree = "<group>"; };
		9E895FF029A8E401000AD325 /* DatePickerFooterView.swift */ = {isa = PBXFileReference; lastKnownFileType = sourcecode.swift; path = DatePickerFooterView.swift; sourceTree = "<group>"; };
/* End PBXFileReference section */

/* Begin PBXFrameworksBuildPhase section */
		9E895FCC29A8C611000AD325 /* Frameworks */ = {
			isa = PBXFrameworksBuildPhase;
			buildActionMask = 2147483647;
			files = (
			);
			runOnlyForDeploymentPostprocessing = 0;
		};
/* End PBXFrameworksBuildPhase section */

/* Begin PBXGroup section */
		9E895FC629A8C611000AD325 = {
			isa = PBXGroup;
			children = (
				9E895FD129A8C611000AD325 /* CustomDatePicker */,
				9E895FD029A8C611000AD325 /* Products */,
			);
			sourceTree = "<group>";
		};
		9E895FD029A8C611000AD325 /* Products */ = {
			isa = PBXGroup;
			children = (
				9E895FCF29A8C611000AD325 /* CustomDatePicker.app */,
			);
			name = Products;
			sourceTree = "<group>";
		};
		9E895FD129A8C611000AD325 /* CustomDatePicker */ = {
			isa = PBXGroup;
			children = (
				9E895FD229A8C611000AD325 /* CustomDatePickerApp.swift */,
				9E895FE029A8C61A000AD325 /* Views */,
				9E895FE629A8C66F000AD325 /* Models */,
				9E895FD629A8C612000AD325 /* Assets.xcassets */,
				9E895FD829A8C612000AD325 /* Preview Content */,
			);
			path = CustomDatePicker;
			sourceTree = "<group>";
		};
		9E895FD829A8C612000AD325 /* Preview Content */ = {
			isa = PBXGroup;
			children = (
				9E895FD929A8C612000AD325 /* Preview Assets.xcassets */,
			);
			path = "Preview Content";
			sourceTree = "<group>";
		};
		9E895FE029A8C61A000AD325 /* Views */ = {
			isa = PBXGroup;
			children = (
				9E895FE229A8C649000AD325 /* MainView.swift */,
				9E895FE129A8C631000AD325 /* CustomDatePicker */,
			);
			path = Views;
			sourceTree = "<group>";
		};
		9E895FE129A8C631000AD325 /* CustomDatePicker */ = {
			isa = PBXGroup;
			children = (
				9E895FE429A8C658000AD325 /* CustomDatePickerView.swift */,
				9E895FF229A8E6DA000AD325 /* Components */,
			);
			path = CustomDatePicker;
			sourceTree = "<group>";
		};
		9E895FE629A8C66F000AD325 /* Models */ = {
			isa = PBXGroup;
			children = (
				9E895FE829A8C699000AD325 /* DatePickerModel.swift */,
			);
			path = Models;
			sourceTree = "<group>";
		};
		9E895FF229A8E6DA000AD325 /* Components */ = {
			isa = PBXGroup;
			children = (
				9E895FEC29A8E15A000AD325 /* DatePickerHeaderView.swift */,
				9E895FEE29A8E348000AD325 /* DatePickerCenterView.swift */,
				9E895FF029A8E401000AD325 /* DatePickerFooterView.swift */,
			);
			path = Components;
			sourceTree = "<group>";
		};
/* End PBXGroup section */

/* Begin PBXNativeTarget section */
		9E895FCE29A8C611000AD325 /* CustomDatePicker */ = {
			isa = PBXNativeTarget;
			buildConfigurationList = 9E895FDD29A8C612000AD325 /* Build configuration list for PBXNativeTarget "CustomDatePicker" */;
			buildPhases = (
				9E895FCB29A8C611000AD325 /* Sources */,
				9E895FCC29A8C611000AD325 /* Frameworks */,
				9E895FCD29A8C611000AD325 /* Resources */,
			);
			buildRules = (
			);
			dependencies = (
			);
			name = CustomDatePicker;
			productName = CustomDatePicker;
			productReference = 9E895FCF29A8C611000AD325 /* CustomDatePicker.app */;
			productType = "com.apple.product-type.application";
		};
/* End PBXNativeTarget section */

/* Begin PBXProject section */
		9E895FC729A8C611000AD325 /* Project object */ = {
			isa = PBXProject;
			attributes = {
				BuildIndependentTargetsInParallel = 1;
				LastSwiftUpdateCheck = 1420;
				LastUpgradeCheck = 1420;
				TargetAttributes = {
					9E895FCE29A8C611000AD325 = {
						CreatedOnToolsVersion = 14.2;
					};
				};
			};
			buildConfigurationList = 9E895FCA29A8C611000AD325 /* Build configuration list for PBXProject "CustomDatePicker" */;
			compatibilityVersion = "Xcode 14.0";
			developmentRegion = en;
			hasScannedForEncodings = 0;
			knownRegions = (
				en,
				Base,
			);
			mainGroup = 9E895FC629A8C611000AD325;
			productRefGroup = 9E895FD029A8C611000AD325 /* Products */;
			projectDirPath = "";
			projectRoot = "";
			targets = (
				9E895FCE29A8C611000AD325 /* CustomDatePicker */,
			);
		};
/* End PBXProject section */

/* Begin PBXResourcesBuildPhase section */
		9E895FCD29A8C611000AD325 /* Resources */ = {
			isa = PBXResourcesBuildPhase;
			buildActionMask = 2147483647;
			files = (
				9E895FDA29A8C612000AD325 /* Preview Assets.xcassets in Resources */,
				9E895FD729A8C612000AD325 /* Assets.xcassets in Resources */,
			);
			runOnlyForDeploymentPostprocessing = 0;
		};
/* End PBXResourcesBuildPhase section */

/* Begin PBXSourcesBuildPhase section */
		9E895FCB29A8C611000AD325 /* Sources */ = {
			isa = PBXSourcesBuildPhase;
			buildActionMask = 2147483647;
			files = (
				9E895FF129A8E401000AD325 /* DatePickerFooterView.swift in Sources */,
				9E895FD329A8C611000AD325 /* CustomDatePickerApp.swift in Sources */,
				9E895FE929A8C699000AD325 /* DatePickerModel.swift in Sources */,
				9E895FED29A8E15A000AD325 /* DatePickerHeaderView.swift in Sources */,
				9E895FE329A8C649000AD325 /* MainView.swift in Sources */,
				9E895FE529A8C658000AD325 /* CustomDatePickerView.swift in Sources */,
				9E895FEF29A8E348000AD325 /* DatePickerCenterView.swift in Sources */,
			);
			runOnlyForDeploymentPostprocessing = 0;
		};
/* End PBXSourcesBuildPhase section */

/* Begin XCBuildConfiguration section */
		9E895FDB29A8C612000AD325 /* Debug */ = {
			isa = XCBuildConfiguration;
			buildSettings = {
				ALWAYS_SEARCH_USER_PATHS = NO;
				CLANG_ANALYZER_NONNULL = YES;
				CLANG_ANALYZER_NUMBER_OBJECT_CONVERSION = YES_AGGRESSIVE;
				CLANG_CXX_LANGUAGE_STANDARD = "gnu++20";
				CLANG_ENABLE_MODULES = YES;
				CLANG_ENABLE_OBJC_ARC = YES;
				CLANG_ENABLE_OBJC_WEAK = YES;
				CLANG_WARN_BLOCK_CAPTURE_AUTORELEASING = YES;
				CLANG_WARN_BOOL_CONVERSION = YES;
				CLANG_WARN_COMMA = YES;
				CLANG_WARN_CONSTANT_CONVERSION = YES;
				CLANG_WARN_DEPRECATED_OBJC_IMPLEMENTATIONS = YES;
				CLANG_WARN_DIRECT_OBJC_ISA_USAGE = YES_ERROR;
				CLANG_WARN_DOCUMENTATION_COMMENTS = YES;
				CLANG_WARN_EMPTY_BODY = YES;
				CLANG_WARN_ENUM_CONVERSION = YES;
				CLANG_WARN_INFINITE_RECURSION = YES;
				CLANG_WARN_INT_CONVERSION = YES;
				CLANG_WARN_NON_LITERAL_NULL_CONVERSION = YES;
				CLANG_WARN_OBJC_IMPLICIT_RETAIN_SELF = YES;
				CLANG_WARN_OBJC_LITERAL_CONVERSION = YES;
				CLANG_WARN_OBJC_ROOT_CLASS = YES_ERROR;
				CLANG_WARN_QUOTED_INCLUDE_IN_FRAMEWORK_HEADER = YES;
				CLANG_WARN_RANGE_LOOP_ANALYSIS = YES;
				CLANG_WARN_STRICT_PROTOTYPES = YES;
				CLANG_WARN_SUSPICIOUS_MOVE = YES;
				CLANG_WARN_UNGUARDED_AVAILABILITY = YES_AGGRESSIVE;
				CLANG_WARN_UNREACHABLE_CODE = YES;
				CLANG_WARN__DUPLICATE_METHOD_MATCH = YES;
				COPY_PHASE_STRIP = NO;
				DEBUG_INFORMATION_FORMAT = dwarf;
				ENABLE_STRICT_OBJC_MSGSEND = YES;
				ENABLE_TESTABILITY = YES;
				GCC_C_LANGUAGE_STANDARD = gnu11;
				GCC_DYNAMIC_NO_PIC = NO;
				GCC_NO_COMMON_BLOCKS = YES;
				GCC_OPTIMIZATION_LEVEL = 0;
				GCC_PREPROCESSOR_DEFINITIONS = (
					"DEBUG=1",
					"$(inherited)",
				);
				GCC_WARN_64_TO_32_BIT_CONVERSION = YES;
				GCC_WARN_ABOUT_RETURN_TYPE = YES_ERROR;
				GCC_WARN_UNDECLARED_SELECTOR = YES;
				GCC_WARN_UNINITIALIZED_AUTOS = YES_AGGRESSIVE;
				GCC_WARN_UNUSED_FUNCTION = YES;
				GCC_WARN_UNUSED_VARIABLE = YES;
				IPHONEOS_DEPLOYMENT_TARGET = 16.2;
				MTL_ENABLE_DEBUG_INFO = INCLUDE_SOURCE;
				MTL_FAST_MATH = YES;
				ONLY_ACTIVE_ARCH = YES;
				SDKROOT = iphoneos;
				SWIFT_ACTIVE_COMPILATION_CONDITIONS = DEBUG;
				SWIFT_OPTIMIZATION_LEVEL = "-Onone";
			};
			name = Debug;
		};
		9E895FDC29A8C612000AD325 /* Release */ = {
			isa = XCBuildConfiguration;
			buildSettings = {
				ALWAYS_SEARCH_USER_PATHS = NO;
				CLANG_ANALYZER_NONNULL = YES;
				CLANG_ANALYZER_NUMBER_OBJECT_CONVERSION = YES_AGGRESSIVE;
				CLANG_CXX_LANGUAGE_STANDARD = "gnu++20";
				CLANG_ENABLE_MODULES = YES;
				CLANG_ENABLE_OBJC_ARC = YES;
				CLANG_ENABLE_OBJC_WEAK = YES;
				CLANG_WARN_BLOCK_CAPTURE_AUTORELEASING = YES;
				CLANG_WARN_BOOL_CONVERSION = YES;
				CLANG_WARN_COMMA = YES;
				CLANG_WARN_CONSTANT_CONVERSION = YES;
				CLANG_WARN_DEPRECATED_OBJC_IMPLEMENTATIONS = YES;
				CLANG_WARN_DIRECT_OBJC_ISA_USAGE = YES_ERROR;
				CLANG_WARN_DOCUMENTATION_COMMENTS = YES;
				CLANG_WARN_EMPTY_BODY = YES;
				CLANG_WARN_ENUM_CONVERSION = YES;
				CLANG_WARN_INFINITE_RECURSION = YES;
				CLANG_WARN_INT_CONVERSION = YES;
				CLANG_WARN_NON_LITERAL_NULL_CONVERSION = YES;
				CLANG_WARN_OBJC_IMPLICIT_RETAIN_SELF = YES;
				CLANG_WARN_OBJC_LITERAL_CONVERSION = YES;
				CLANG_WARN_OBJC_ROOT_CLASS = YES_ERROR;
				CLANG_WARN_QUOTED_INCLUDE_IN_FRAMEWORK_HEADER = YES;
				CLANG_WARN_RANGE_LOOP_ANALYSIS = YES;
				CLANG_WARN_STRICT_PROTOTYPES = YES;
				CLANG_WARN_SUSPICIOUS_MOVE = YES;
				CLANG_WARN_UNGUARDED_AVAILABILITY = YES_AGGRESSIVE;
				CLANG_WARN_UNREACHABLE_CODE = YES;
				CLANG_WARN__DUPLICATE_METHOD_MATCH = YES;
				COPY_PHASE_STRIP = NO;
				DEBUG_INFORMATION_FORMAT = "dwarf-with-dsym";
				ENABLE_NS_ASSERTIONS = NO;
				ENABLE_STRICT_OBJC_MSGSEND = YES;
				GCC_C_LANGUAGE_STANDARD = gnu11;
				GCC_NO_COMMON_BLOCKS = YES;
				GCC_WARN_64_TO_32_BIT_CONVERSION = YES;
				GCC_WARN_ABOUT_RETURN_TYPE = YES_ERROR;
				GCC_WARN_UNDECLARED_SELECTOR = YES;
				GCC_WARN_UNINITIALIZED_AUTOS = YES_AGGRESSIVE;
				GCC_WARN_UNUSED_FUNCTION = YES;
				GCC_WARN_UNUSED_VARIABLE = YES;
				IPHONEOS_DEPLOYMENT_TARGET = 16.2;
				MTL_ENABLE_DEBUG_INFO = NO;
				MTL_FAST_MATH = YES;
				SDKROOT = iphoneos;
				SWIFT_COMPILATION_MODE = wholemodule;
				SWIFT_OPTIMIZATION_LEVEL = "-O";
				VALIDATE_PRODUCT = YES;
			};
			name = Release;
		};
		9E895FDE29A8C612000AD325 /* Debug */ = {
			isa = XCBuildConfiguration;
			buildSettings = {
				ASSETCATALOG_COMPILER_APPICON_NAME = AppIcon;
				ASSETCATALOG_COMPILER_GLOBAL_ACCENT_COLOR_NAME = AccentColor;
				CODE_SIGN_STYLE = Automatic;
				CURRENT_PROJECT_VERSION = 1;
				DEVELOPMENT_ASSET_PATHS = "\"CustomDatePicker/Preview Content\"";
				ENABLE_PREVIEWS = YES;
				GENERATE_INFOPLIST_FILE = YES;
				INFOPLIST_KEY_UIApplicationSceneManifest_Generation = YES;
				INFOPLIST_KEY_UIApplicationSupportsIndirectInputEvents = YES;
				INFOPLIST_KEY_UILaunchScreen_Generation = YES;
				INFOPLIST_KEY_UISupportedInterfaceOrientations_iPad = "UIInterfaceOrientationPortrait UIInterfaceOrientationPortraitUpsideDown UIInterfaceOrientationLandscapeLeft UIInterfaceOrientationLandscapeRight";
				INFOPLIST_KEY_UISupportedInterfaceOrientations_iPhone = "UIInterfaceOrientationPortrait UIInterfaceOrientationLandscapeLeft UIInterfaceOrientationLandscapeRight";
				LD_RUNPATH_SEARCH_PATHS = (
					"$(inherited)",
					"@executable_path/Frameworks",
				);
				MARKETING_VERSION = 1.0;
				PRODUCT_BUNDLE_IDENTIFIER = "com.Zizi-Kim.CustomDatePicker";
				PRODUCT_NAME = "$(TARGET_NAME)";
				SWIFT_EMIT_LOC_STRINGS = YES;
				SWIFT_VERSION = 5.0;
				TARGETED_DEVICE_FAMILY = "1,2";
			};
			name = Debug;
		};
		9E895FDF29A8C612000AD325 /* Release */ = {
			isa = XCBuildConfiguration;
			buildSettings = {
				ASSETCATALOG_COMPILER_APPICON_NAME = AppIcon;
				ASSETCATALOG_COMPILER_GLOBAL_ACCENT_COLOR_NAME = AccentColor;
				CODE_SIGN_STYLE = Automatic;
				CURRENT_PROJECT_VERSION = 1;
				DEVELOPMENT_ASSET_PATHS = "\"CustomDatePicker/Preview Content\"";
				ENABLE_PREVIEWS = YES;
				GENERATE_INFOPLIST_FILE = YES;
				INFOPLIST_KEY_UIApplicationSceneManifest_Generation = YES;
				INFOPLIST_KEY_UIApplicationSupportsIndirectInputEvents = YES;
				INFOPLIST_KEY_UILaunchScreen_Generation = YES;
				INFOPLIST_KEY_UISupportedInterfaceOrientations_iPad = "UIInterfaceOrientationPortrait UIInterfaceOrientationPortraitUpsideDown UIInterfaceOrientationLandscapeLeft UIInterfaceOrientationLandscapeRight";
				INFOPLIST_KEY_UISupportedInterfaceOrientations_iPhone = "UIInterfaceOrientationPortrait UIInterfaceOrientationLandscapeLeft UIInterfaceOrientationLandscapeRight";
				LD_RUNPATH_SEARCH_PATHS = (
					"$(inherited)",
					"@executable_path/Frameworks",
				);
				MARKETING_VERSION = 1.0;
				PRODUCT_BUNDLE_IDENTIFIER = "com.Zizi-Kim.CustomDatePicker";
				PRODUCT_NAME = "$(TARGET_NAME)";
				SWIFT_EMIT_LOC_STRINGS = YES;
				SWIFT_VERSION = 5.0;
				TARGETED_DEVICE_FAMILY = "1,2";
			};
			name = Release;
		};
/* End XCBuildConfiguration section */

/* Begin XCConfigurationList section */
		9E895FCA29A8C611000AD325 /* Build configuration list for PBXProject "CustomDatePicker" */ = {
			isa = XCConfigurationList;
			buildConfigurations = (
				9E895FDB29A8C612000AD325 /* Debug */,
				9E895FDC29A8C612000AD325 /* Release */,
			);
			defaultConfigurationIsVisible = 0;
			defaultConfigurationName = Release;
		};
		9E895FDD29A8C612000AD325 /* Build configuration list for PBXNativeTarget "CustomDatePicker" */ = {
			isa = XCConfigurationList;
			buildConfigurations = (
				9E895FDE29A8C612000AD325 /* Debug */,
				9E895FDF29A8C612000AD325 /* Release */,
			);
			defaultConfigurationIsVisible = 0;
			defaultConfigurationName = Release;
		};
/* End XCConfigurationList section */
	};
	rootObject = 9E895FC729A8C611000AD325 /* Project object */;
}
